
Microsoft Visual Studio Solution File, Format Version 12.00
# Visual Studio Version 17
VisualStudioVersion = 17.8.34511.84
MinimumVisualStudioVersion = 10.0.40219.1
Project("{FAE04EC0-301F-11D3-BF4B-00C04F79EFBC}") = "TTF_Project_version1", "TTF_Inventory\TTF_Project_version1.csproj", "{2B6C9E2C-BFD8-4B2D-975C-E0FEF7ECF240}"
EndProject
Global
	GlobalSection(SolutionConfigurationPlatforms) = preSolution
		Debug|Any CPU = Debug|Any CPU
		Release|Any CPU = Release|Any CPU
	EndGlobalSection
	GlobalSection(ProjectConfigurationPlatforms) = postSolution
		{2B6C9E2C-BFD8-4B2D-975C-E0FEF7ECF240}.Debug|Any CPU.ActiveCfg = Debug|Any CPU
		{2B6C9E2C-BFD8-4B2D-975C-E0FEF7ECF240}.Debug|Any CPU.Build.0 = Debug|Any CPU
		{2B6C9E2C-BFD8-4B2D-975C-E0FEF7ECF240}.Release|Any CPU.ActiveCfg = Release|Any CPU
		{2B6C9E2C-BFD8-4B2D-975C-E0FEF7ECF240}.Release|Any CPU.Build.0 = Release|Any CPU
	EndGlobalSection
	GlobalSection(SolutionProperties) = preSolution
		HideSolutionNode = FALSE
	EndGlobalSection
	GlobalSection(ExtensibilityGlobals) = postSolution
		SolutionGuid = {94DEB2A9-53FB-4542-84FF-AF9D2608E4B1}
	EndGlobalSection
EndGlobal
